
Microsoft Visual Studio Solution File, Format Version 12.00
# Visual Studio 15
VisualStudioVersion = 15.0.27428.2015
MinimumVisualStudioVersion = 10.0.40219.1
Project("{FAE04EC0-301F-11D3-BF4B-00C04F79EFBC}") = "AplicativoFiltro", "AplicativoFiltro\AplicativoFiltro.csproj", "{FAD80EA3-188B-439A-A0BD-8F7003D10EDC}"
EndProject
Global
	GlobalSection(SolutionConfigurationPlatforms) = preSolution
		Debug|Any CPU = Debug|Any CPU
		Release|Any CPU = Release|Any CPU
	EndGlobalSection
	GlobalSection(ProjectConfigurationPlatforms) = postSolution
		{FAD80EA3-188B-439A-A0BD-8F7003D10EDC}.Debug|Any CPU.ActiveCfg = Debug|Any CPU
		{FAD80EA3-188B-439A-A0BD-8F7003D10EDC}.Debug|Any CPU.Build.0 = Debug|Any CPU
		{FAD80EA3-188B-439A-A0BD-8F7003D10EDC}.Release|Any CPU.ActiveCfg = Release|Any CPU
		{FAD80EA3-188B-439A-A0BD-8F7003D10EDC}.Release|Any CPU.Build.0 = Release|Any CPU
	EndGlobalSection
	GlobalSection(SolutionProperties) = preSolution
		HideSolutionNode = FALSE
	EndGlobalSection
	GlobalSection(ExtensibilityGlobals) = postSolution
		SolutionGuid = {0CA17215-92BB-427C-8E8F-58E5587A76EE}
	EndGlobalSection
EndGlobal
